
Microsoft Visual Studio Solution File, Format Version 12.00
# Visual Studio Version 17
VisualStudioVersion = 17.5.002.0
MinimumVisualStudioVersion = 10.0.40219.1
Project("{2150E333-8FDC-42A3-9474-1A3956D46DE8}") = "week01", "week01", "{00901EFA-57BD-44BE-AB11-AEC040B18BBB}"
EndProject
Project("{9A19103F-16F7-4668-BE54-9A1E7A4F7556}") = "code", "week01\code\code.csproj", "{458F235E-9AF9-4EEB-89DC-27426C043BCF}"
EndProject
Project("{9A19103F-16F7-4668-BE54-9A1E7A4F7556}") = "analyze", "week01\analyze\analyze.csproj", "{02D45D92-6ECE-4EF4-A570-62D021366DE0}"
EndProject
Project("{9A19103F-16F7-4668-BE54-9A1E7A4F7556}") = "teach", "week01\teach\teach.csproj", "{43E76227-AAD9-4606-A3D7-709102B969A8}"
EndProject
Project("{2150E333-8FDC-42A3-9474-1A3956D46DE8}") = "week06", "week06", "{EDA000A3-904D-4397-A038-7116F8A97F05}"
EndProject
Project("{9A19103F-16F7-4668-BE54-9A1E7A4F7556}") = "code", "week06\code\code.csproj", "{71C3BCF0-E5E5-4842-B74F-0086F891E7AE}"
EndProject
Project("{2150E333-8FDC-42A3-9474-1A3956D46DE8}") = "sandbox", "sandbox", "{72FF564D-CC52-49B1-B16B-5D4AB2372053}"
EndProject
Project("{9A19103F-16F7-4668-BE54-9A1E7A4F7556}") = "sandbox_project", "sandbox\sandbox_project\sandbox_project.csproj", "{475E8A2E-9E2A-4D9E-BD8F-3BFE2AF4C270}"
EndProject
Project("{2150E333-8FDC-42A3-9474-1A3956D46DE8}") = "week05", "week05", "{88C5CD9F-9F70-494C-85F7-DB4EB2E9507B}"
EndProject
Project("{9A19103F-16F7-4668-BE54-9A1E7A4F7556}") = "code", "week05\code\code.csproj", "{EB0BED6A-5758-4C41-A9F0-82421CD1B8C3}"
EndProject
Project("{2150E333-8FDC-42A3-9474-1A3956D46DE8}") = "week02", "week02", "{A1463F05-443A-46EB-AEBE-E7C5A48C331B}"
EndProject
Project("{9A19103F-16F7-4668-BE54-9A1E7A4F7556}") = "learn", "week02\learn\learn.csproj", "{3AFF89A4-C684-452B-88BA-783867562F50}"
EndProject
Project("{9A19103F-16F7-4668-BE54-9A1E7A4F7556}") = "code", "week02\code\code.csproj", "{6121EB40-A2F7-4ECB-8744-04C78AB8DD6C}"
EndProject
Project("{9A19103F-16F7-4668-BE54-9A1E7A4F7556}") = "analyze", "week02\analyze\analyze.csproj", "{65E7656D-D1F2-452A-A1B5-21D854523BAE}"
EndProject
Project("{9A19103F-16F7-4668-BE54-9A1E7A4F7556}") = "teach", "week02\teach\teach.csproj", "{D8C83A66-1C26-416E-8226-BCF7F1DAF5E2}"
EndProject
Project("{2150E333-8FDC-42A3-9474-1A3956D46DE8}") = "week03", "week03", "{5096D5E3-B994-4830-B44B-D66CE170987C}"
EndProject
Project("{9A19103F-16F7-4668-BE54-9A1E7A4F7556}") = "learn", "week03\learn\learn.csproj", "{A8CCEB29-B503-4EA0-83C6-DB471BD69F05}"
EndProject
Project("{9A19103F-16F7-4668-BE54-9A1E7A4F7556}") = "code", "week03\code\code.csproj", "{5E266FC1-64DE-4172-9881-CCB4EDCBA8C7}"
EndProject
Project("{9A19103F-16F7-4668-BE54-9A1E7A4F7556}") = "teach", "week03\teach\teach.csproj", "{F48063EC-D268-45CA-8106-871102DC94B4}"
EndProject
Project("{2150E333-8FDC-42A3-9474-1A3956D46DE8}") = "week04", "week04", "{982C8CD1-A023-49CD-BD87-A7555500C82D}"
EndProject
Project("{9A19103F-16F7-4668-BE54-9A1E7A4F7556}") = "code", "week04\code\code.csproj", "{A2A9B432-6CB3-4CD2-BAA0-18D4E52C63EB}"
EndProject
Global
	GlobalSection(SolutionConfigurationPlatforms) = preSolution
		Debug|Any CPU = Debug|Any CPU
		Release|Any CPU = Release|Any CPU
	EndGlobalSection
	GlobalSection(ProjectConfigurationPlatforms) = postSolution
		{458F235E-9AF9-4EEB-89DC-27426C043BCF}.Debug|Any CPU.ActiveCfg = Debug|Any CPU
		{458F235E-9AF9-4EEB-89DC-27426C043BCF}.Debug|Any CPU.Build.0 = Debug|Any CPU
		{458F235E-9AF9-4EEB-89DC-27426C043BCF}.Release|Any CPU.ActiveCfg = Release|Any CPU
		{458F235E-9AF9-4EEB-89DC-27426C043BCF}.Release|Any CPU.Build.0 = Release|Any CPU
		{02D45D92-6ECE-4EF4-A570-62D021366DE0}.Debug|Any CPU.ActiveCfg = Debug|Any CPU
		{02D45D92-6ECE-4EF4-A570-62D021366DE0}.Debug|Any CPU.Build.0 = Debug|Any CPU
		{02D45D92-6ECE-4EF4-A570-62D021366DE0}.Release|Any CPU.ActiveCfg = Release|Any CPU
		{02D45D92-6ECE-4EF4-A570-62D021366DE0}.Release|Any CPU.Build.0 = Release|Any CPU
		{43E76227-AAD9-4606-A3D7-709102B969A8}.Debug|Any CPU.ActiveCfg = Debug|Any CPU
		{43E76227-AAD9-4606-A3D7-709102B969A8}.Debug|Any CPU.Build.0 = Debug|Any CPU
		{43E76227-AAD9-4606-A3D7-709102B969A8}.Release|Any CPU.ActiveCfg = Release|Any CPU
		{43E76227-AAD9-4606-A3D7-709102B969A8}.Release|Any CPU.Build.0 = Release|Any CPU
		{71C3BCF0-E5E5-4842-B74F-0086F891E7AE}.Debug|Any CPU.ActiveCfg = Debug|Any CPU
		{71C3BCF0-E5E5-4842-B74F-0086F891E7AE}.Debug|Any CPU.Build.0 = Debug|Any CPU
		{71C3BCF0-E5E5-4842-B74F-0086F891E7AE}.Release|Any CPU.ActiveCfg = Release|Any CPU
		{71C3BCF0-E5E5-4842-B74F-0086F891E7AE}.Release|Any CPU.Build.0 = Release|Any CPU
		{475E8A2E-9E2A-4D9E-BD8F-3BFE2AF4C270}.Debug|Any CPU.ActiveCfg = Debug|Any CPU
		{475E8A2E-9E2A-4D9E-BD8F-3BFE2AF4C270}.Debug|Any CPU.Build.0 = Debug|Any CPU
		{475E8A2E-9E2A-4D9E-BD8F-3BFE2AF4C270}.Release|Any CPU.ActiveCfg = Release|Any CPU
		{475E8A2E-9E2A-4D9E-BD8F-3BFE2AF4C270}.Release|Any CPU.Build.0 = Release|Any CPU
		{EB0BED6A-5758-4C41-A9F0-82421CD1B8C3}.Debug|Any CPU.ActiveCfg = Debug|Any CPU
		{EB0BED6A-5758-4C41-A9F0-82421CD1B8C3}.Debug|Any CPU.Build.0 = Debug|Any CPU
		{EB0BED6A-5758-4C41-A9F0-82421CD1B8C3}.Release|Any CPU.ActiveCfg = Release|Any CPU
		{EB0BED6A-5758-4C41-A9F0-82421CD1B8C3}.Release|Any CPU.Build.0 = Release|Any CPU
		{3AFF89A4-C684-452B-88BA-783867562F50}.Debug|Any CPU.ActiveCfg = Debug|Any CPU
		{3AFF89A4-C684-452B-88BA-783867562F50}.Debug|Any CPU.Build.0 = Debug|Any CPU
		{3AFF89A4-C684-452B-88BA-783867562F50}.Release|Any CPU.ActiveCfg = Release|Any CPU
		{3AFF89A4-C684-452B-88BA-783867562F50}.Release|Any CPU.Build.0 = Release|Any CPU
		{6121EB40-A2F7-4ECB-8744-04C78AB8DD6C}.Debug|Any CPU.ActiveCfg = Debug|Any CPU
		{6121EB40-A2F7-4ECB-8744-04C78AB8DD6C}.Debug|Any CPU.Build.0 = Debug|Any CPU
		{6121EB40-A2F7-4ECB-8744-04C78AB8DD6C}.Release|Any CPU.ActiveCfg = Release|Any CPU
		{6121EB40-A2F7-4ECB-8744-04C78AB8DD6C}.Release|Any CPU.Build.0 = Release|Any CPU
		{65E7656D-D1F2-452A-A1B5-21D854523BAE}.Debug|Any CPU.ActiveCfg = Debug|Any CPU
		{65E7656D-D1F2-452A-A1B5-21D854523BAE}.Debug|Any CPU.Build.0 = Debug|Any CPU
		{65E7656D-D1F2-452A-A1B5-21D854523BAE}.Release|Any CPU.ActiveCfg = Release|Any CPU
		{65E7656D-D1F2-452A-A1B5-21D854523BAE}.Release|Any CPU.Build.0 = Release|Any CPU
		{D8C83A66-1C26-416E-8226-BCF7F1DAF5E2}.Debug|Any CPU.ActiveCfg = Debug|Any CPU
		{D8C83A66-1C26-416E-8226-BCF7F1DAF5E2}.Debug|Any CPU.Build.0 = Debug|Any CPU
		{D8C83A66-1C26-416E-8226-BCF7F1DAF5E2}.Release|Any CPU.ActiveCfg = Release|Any CPU
		{D8C83A66-1C26-416E-8226-BCF7F1DAF5E2}.Release|Any CPU.Build.0 = Release|Any CPU
		{A8CCEB29-B503-4EA0-83C6-DB471BD69F05}.Debug|Any CPU.ActiveCfg = Debug|Any CPU
		{A8CCEB29-B503-4EA0-83C6-DB471BD69F05}.Debug|Any CPU.Build.0 = Debug|Any CPU
		{A8CCEB29-B503-4EA0-83C6-DB471BD69F05}.Release|Any CPU.ActiveCfg = Release|Any CPU
		{A8CCEB29-B503-4EA0-83C6-DB471BD69F05}.Release|Any CPU.Build.0 = Release|Any CPU
		{5E266FC1-64DE-4172-9881-CCB4EDCBA8C7}.Debug|Any CPU.ActiveCfg = Debug|Any CPU
		{5E266FC1-64DE-4172-9881-CCB4EDCBA8C7}.Debug|Any CPU.Build.0 = Debug|Any CPU
		{5E266FC1-64DE-4172-9881-CCB4EDCBA8C7}.Release|Any CPU.ActiveCfg = Release|Any CPU
		{5E266FC1-64DE-4172-9881-CCB4EDCBA8C7}.Release|Any CPU.Build.0 = Release|Any CPU
		{F48063EC-D268-45CA-8106-871102DC94B4}.Debug|Any CPU.ActiveCfg = Debug|Any CPU
		{F48063EC-D268-45CA-8106-871102DC94B4}.Debug|Any CPU.Build.0 = Debug|Any CPU
		{F48063EC-D268-45CA-8106-871102DC94B4}.Release|Any CPU.ActiveCfg = Release|Any CPU
		{F48063EC-D268-45CA-8106-871102DC94B4}.Release|Any CPU.Build.0 = Release|Any CPU
		{A2A9B432-6CB3-4CD2-BAA0-18D4E52C63EB}.Debug|Any CPU.ActiveCfg = Debug|Any CPU
		{A2A9B432-6CB3-4CD2-BAA0-18D4E52C63EB}.Debug|Any CPU.Build.0 = Debug|Any CPU
		{A2A9B432-6CB3-4CD2-BAA0-18D4E52C63EB}.Release|Any CPU.ActiveCfg = Release|Any CPU
		{A2A9B432-6CB3-4CD2-BAA0-18D4E52C63EB}.Release|Any CPU.Build.0 = Release|Any CPU
	EndGlobalSection
	GlobalSection(SolutionProperties) = preSolution
		HideSolutionNode = FALSE
	EndGlobalSection
	GlobalSection(NestedProjects) = preSolution
		{458F235E-9AF9-4EEB-89DC-27426C043BCF} = {00901EFA-57BD-44BE-AB11-AEC040B18BBB}
		{02D45D92-6ECE-4EF4-A570-62D021366DE0} = {00901EFA-57BD-44BE-AB11-AEC040B18BBB}
		{43E76227-AAD9-4606-A3D7-709102B969A8} = {00901EFA-57BD-44BE-AB11-AEC040B18BBB}
		{71C3BCF0-E5E5-4842-B74F-0086F891E7AE} = {EDA000A3-904D-4397-A038-7116F8A97F05}
		{475E8A2E-9E2A-4D9E-BD8F-3BFE2AF4C270} = {72FF564D-CC52-49B1-B16B-5D4AB2372053}
		{EB0BED6A-5758-4C41-A9F0-82421CD1B8C3} = {88C5CD9F-9F70-494C-85F7-DB4EB2E9507B}
		{3AFF89A4-C684-452B-88BA-783867562F50} = {A1463F05-443A-46EB-AEBE-E7C5A48C331B}
		{6121EB40-A2F7-4ECB-8744-04C78AB8DD6C} = {A1463F05-443A-46EB-AEBE-E7C5A48C331B}
		{65E7656D-D1F2-452A-A1B5-21D854523BAE} = {A1463F05-443A-46EB-AEBE-E7C5A48C331B}
		{D8C83A66-1C26-416E-8226-BCF7F1DAF5E2} = {A1463F05-443A-46EB-AEBE-E7C5A48C331B}
		{A8CCEB29-B503-4EA0-83C6-DB471BD69F05} = {5096D5E3-B994-4830-B44B-D66CE170987C}
		{5E266FC1-64DE-4172-9881-CCB4EDCBA8C7} = {5096D5E3-B994-4830-B44B-D66CE170987C}
		{F48063EC-D268-45CA-8106-871102DC94B4} = {5096D5E3-B994-4830-B44B-D66CE170987C}
		{A2A9B432-6CB3-4CD2-BAA0-18D4E52C63EB} = {982C8CD1-A023-49CD-BD87-A7555500C82D}
	EndGlobalSection
	GlobalSection(ExtensibilityGlobals) = postSolution
		SolutionGuid = {FDF6D7AF-2872-4857-B26F-2C12F3396440}
	EndGlobalSection
EndGlobal
